
Microsoft Visual Studio Solution File, Format Version 12.00
# Visual Studio 16
Project("{FAE04EC0-301F-11D3-BF4B-00C04F79EFBC}") = "SteamVR", "SteamVR.csproj", "{AD22E013-45A5-9E22-7437-1A0407BC4CEA}"
EndProject
Project("{FAE04EC0-301F-11D3-BF4B-00C04F79EFBC}") = "Assembly-CSharp", "Assembly-CSharp.csproj", "{67EB0D87-9F1A-A68A-E8E2-494D437A27DD}"
EndProject
Project("{FAE04EC0-301F-11D3-BF4B-00C04F79EFBC}") = "SteamVR_Actions", "SteamVR_Actions.csproj", "{D8F0117E-D765-5B7B-1D82-D004500E8F04}"
EndProject
Project("{FAE04EC0-301F-11D3-BF4B-00C04F79EFBC}") = "SteamVR_Editor", "SteamVR_Editor.csproj", "{ED885031-5814-F502-7BE2-5276A106E98E}"
EndProject
Project("{FAE04EC0-301F-11D3-BF4B-00C04F79EFBC}") = "SteamVR_Input_Editor", "SteamVR_Input_Editor.csproj", "{F8E62EB0-7FB6-7C30-E4E6-B091B08B696F}"
EndProject
Project("{FAE04EC0-301F-11D3-BF4B-00C04F79EFBC}") = "SteamVR_Windows_EditorHelper", "SteamVR_Windows_EditorHelper.csproj", "{398C09D1-A778-B681-8B52-9DAD5B13B4F0}"
EndProject
Global
	GlobalSection(SolutionConfigurationPlatforms) = preSolution
		Debug|Any CPU = Debug|Any CPU
		Release|Any CPU = Release|Any CPU
	EndGlobalSection
	GlobalSection(ProjectConfigurationPlatforms) = postSolution
		{AD22E013-45A5-9E22-7437-1A0407BC4CEA}.Debug|Any CPU.ActiveCfg = Debug|Any CPU
		{AD22E013-45A5-9E22-7437-1A0407BC4CEA}.Debug|Any CPU.Build.0 = Debug|Any CPU
		{AD22E013-45A5-9E22-7437-1A0407BC4CEA}.Release|Any CPU.ActiveCfg = Release|Any CPU
		{AD22E013-45A5-9E22-7437-1A0407BC4CEA}.Release|Any CPU.Build.0 = Release|Any CPU
		{67EB0D87-9F1A-A68A-E8E2-494D437A27DD}.Debug|Any CPU.ActiveCfg = Debug|Any CPU
		{67EB0D87-9F1A-A68A-E8E2-494D437A27DD}.Debug|Any CPU.Build.0 = Debug|Any CPU
		{67EB0D87-9F1A-A68A-E8E2-494D437A27DD}.Release|Any CPU.ActiveCfg = Release|Any CPU
		{67EB0D87-9F1A-A68A-E8E2-494D437A27DD}.Release|Any CPU.Build.0 = Release|Any CPU
		{D8F0117E-D765-5B7B-1D82-D004500E8F04}.Debug|Any CPU.ActiveCfg = Debug|Any CPU
		{D8F0117E-D765-5B7B-1D82-D004500E8F04}.Debug|Any CPU.Build.0 = Debug|Any CPU
		{D8F0117E-D765-5B7B-1D82-D004500E8F04}.Release|Any CPU.ActiveCfg = Release|Any CPU
		{D8F0117E-D765-5B7B-1D82-D004500E8F04}.Release|Any CPU.Build.0 = Release|Any CPU
		{ED885031-5814-F502-7BE2-5276A106E98E}.Debug|Any CPU.ActiveCfg = Debug|Any CPU
		{ED885031-5814-F502-7BE2-5276A106E98E}.Debug|Any CPU.Build.0 = Debug|Any CPU
		{ED885031-5814-F502-7BE2-5276A106E98E}.Release|Any CPU.ActiveCfg = Release|Any CPU
		{ED885031-5814-F502-7BE2-5276A106E98E}.Release|Any CPU.Build.0 = Release|Any CPU
		{F8E62EB0-7FB6-7C30-E4E6-B091B08B696F}.Debug|Any CPU.ActiveCfg = Debug|Any CPU
		{F8E62EB0-7FB6-7C30-E4E6-B091B08B696F}.Debug|Any CPU.Build.0 = Debug|Any CPU
		{F8E62EB0-7FB6-7C30-E4E6-B091B08B696F}.Release|Any CPU.ActiveCfg = Release|Any CPU
		{F8E62EB0-7FB6-7C30-E4E6-B091B08B696F}.Release|Any CPU.Build.0 = Release|Any CPU
		{398C09D1-A778-B681-8B52-9DAD5B13B4F0}.Debug|Any CPU.ActiveCfg = Debug|Any CPU
		{398C09D1-A778-B681-8B52-9DAD5B13B4F0}.Debug|Any CPU.Build.0 = Debug|Any CPU
		{398C09D1-A778-B681-8B52-9DAD5B13B4F0}.Release|Any CPU.ActiveCfg = Release|Any CPU
		{398C09D1-A778-B681-8B52-9DAD5B13B4F0}.Release|Any CPU.Build.0 = Release|Any CPU
	EndGlobalSection
	GlobalSection(SolutionProperties) = preSolution
		HideSolutionNode = FALSE
	EndGlobalSection
EndGlobal
